
Microsoft Visual Studio Solution File, Format Version 12.00
# Visual Studio 15
VisualStudioVersion = 15.0.27428.2043
MinimumVisualStudioVersion = 10.0.40219.1
Project("{FAE04EC0-301F-11D3-BF4B-00C04F79EFBC}") = "SB3Utility", "SB3Utility\SB3Utility.csproj", "{A351DFAB-3235-4CEA-9916-1BAE973B65AE}"
EndProject
Project("{FAE04EC0-301F-11D3-BF4B-00C04F79EFBC}") = "SB3UtilityScript", "SB3UtilityScript\SB3UtilityScript.csproj", "{55377B00-E8E2-41B6-9EBD-80472DEBBB06}"
	ProjectSection(ProjectDependencies) = postProject
		{A351DFAB-3235-4CEA-9916-1BAE973B65AE} = {A351DFAB-3235-4CEA-9916-1BAE973B65AE}
		{76C12FB4-AEBF-4271-9CCA-6F04A25ED266} = {76C12FB4-AEBF-4271-9CCA-6F04A25ED266}
	EndProjectSection
EndProject
Project("{FAE04EC0-301F-11D3-BF4B-00C04F79EFBC}") = "SB3UtilityPlugins", "Plugins\SB3UtilityPlugins\SB3UtilityPlugins.csproj", "{76C12FB4-AEBF-4271-9CCA-6F04A25ED266}"
	ProjectSection(ProjectDependencies) = postProject
		{A351DFAB-3235-4CEA-9916-1BAE973B65AE} = {A351DFAB-3235-4CEA-9916-1BAE973B65AE}
	EndProjectSection
EndProject
Project("{FAE04EC0-301F-11D3-BF4B-00C04F79EFBC}") = "SB3UtilityGUI", "SB3UtilityGUI\SB3UtilityGUI.csproj", "{82CE4DA4-1BC6-46A9-A376-44B706A185BD}"
EndProject
Project("{FAE04EC0-301F-11D3-BF4B-00C04F79EFBC}") = "SB3UtilityPP", "Plugins\SB3UtilityPP\SB3UtilityPP.csproj", "{5647B104-8F58-4867-B849-DAC65D5243BD}"
EndProject
Project("{FAE04EC0-301F-11D3-BF4B-00C04F79EFBC}") = "SyntaxHighlightingTextBox", "Plugins\SyntaxHighlightingTextBox\SyntaxHighlightingTextBox.csproj", "{93EC5C55-84BB-4FA4-8599-A6C85841E982}"
EndProject
Project("{FAE04EC0-301F-11D3-BF4B-00C04F79EFBC}") = "UnityBase", "Plugins\UnityBase\UnityBase.csproj", "{170A79DD-8B28-4E53-A1EF-5C923AADEF0A}"
EndProject
Project("{FAE04EC0-301F-11D3-BF4B-00C04F79EFBC}") = "UnityPlugin", "Plugins\UnityPlugin\UnityPlugin.csproj", "{AA5F87F2-921D-4909-B55C-5A257CBD5A58}"
EndProject
Project("{FAE04EC0-301F-11D3-BF4B-00C04F79EFBC}") = "NIFPlugin", "Plugins\NIFPlugin\NIFPlugin.csproj", "{65E454CD-C240-4C5E-B0D6-42A604DF30FB}"
EndProject
Project("{FAE04EC0-301F-11D3-BF4B-00C04F79EFBC}") = "AiDroidBase", "Plugins\AiDroidBase\AiDroidBase.csproj", "{F90359AB-D9E6-4110-8AD4-FC12A93D0CF4}"
EndProject
Project("{FAE04EC0-301F-11D3-BF4B-00C04F79EFBC}") = "AiDroidPlugin", "Plugins\AiDroidPlugin\AiDroidPlugin.csproj", "{56C17EED-BF1C-41B8-A08E-B63C0C602A03}"
EndProject
Project("{FAE04EC0-301F-11D3-BF4B-00C04F79EFBC}") = "ODFBase", "Plugins\ODFBase\ODFBase.csproj", "{8C406D6F-E4E1-4F24-814F-859E58B9EBEF}"
EndProject
Project("{FAE04EC0-301F-11D3-BF4B-00C04F79EFBC}") = "ODFPlugin", "Plugins\ODFPlugin\ODFPlugin.csproj", "{B4C84141-4901-4648-81D6-5EF452C42964}"
EndProject
Project("{FAE04EC0-301F-11D3-BF4B-00C04F79EFBC}") = "PPD_Preview_Clothes", "Plugins\PPD_Preview_Clothes\PPD_Preview_Clothes.csproj", "{2B7FE5F1-FCA8-4821-A5AD-9EED3F995730}"
EndProject
Project("{FAE04EC0-301F-11D3-BF4B-00C04F79EFBC}") = "DX11TutCore", "DX11TutCore\DX11TutCore.csproj", "{E81549E0-46A2-4B80-AC0F-2D23A88E2552}"
EndProject
Project("{8BC9CEB8-8B4A-11D0-8D11-00A0C91BC942}") = "SB3UtilityFBX", "Plugins\SB3UtilityFBX\SB3UtilityFBX.vcxproj", "{120B541E-0A9D-4871-9315-679CB97109E2}"
EndProject
Project("{FAE04EC0-301F-11D3-BF4B-00C04F79EFBC}") = "Jolt", "Jolt\Jolt.csproj", "{DA98557A-159C-4D4B-9663-7E7D479318CE}"
EndProject
Global
	GlobalSection(SolutionConfigurationPlatforms) = preSolution
		Debug|Any CPU = Debug|Any CPU
		Debug|x64 = Debug|x64
		Release|Any CPU = Release|Any CPU
		Release|x64 = Release|x64
	EndGlobalSection
	GlobalSection(ProjectConfigurationPlatforms) = postSolution
		{A351DFAB-3235-4CEA-9916-1BAE973B65AE}.Debug|Any CPU.ActiveCfg = Debug|Any CPU
		{A351DFAB-3235-4CEA-9916-1BAE973B65AE}.Debug|Any CPU.Build.0 = Debug|Any CPU
		{A351DFAB-3235-4CEA-9916-1BAE973B65AE}.Debug|x64.ActiveCfg = Debug|x64
		{A351DFAB-3235-4CEA-9916-1BAE973B65AE}.Debug|x64.Build.0 = Debug|x64
		{A351DFAB-3235-4CEA-9916-1BAE973B65AE}.Release|Any CPU.ActiveCfg = Release|Any CPU
		{A351DFAB-3235-4CEA-9916-1BAE973B65AE}.Release|Any CPU.Build.0 = Release|Any CPU
		{A351DFAB-3235-4CEA-9916-1BAE973B65AE}.Release|x64.ActiveCfg = Release|x64
		{A351DFAB-3235-4CEA-9916-1BAE973B65AE}.Release|x64.Build.0 = Release|x64
		{55377B00-E8E2-41B6-9EBD-80472DEBBB06}.Debug|Any CPU.ActiveCfg = Debug|Any CPU
		{55377B00-E8E2-41B6-9EBD-80472DEBBB06}.Debug|Any CPU.Build.0 = Debug|Any CPU
		{55377B00-E8E2-41B6-9EBD-80472DEBBB06}.Debug|x64.ActiveCfg = Debug|x64
		{55377B00-E8E2-41B6-9EBD-80472DEBBB06}.Debug|x64.Build.0 = Debug|x64
		{55377B00-E8E2-41B6-9EBD-80472DEBBB06}.Release|Any CPU.ActiveCfg = Release|Any CPU
		{55377B00-E8E2-41B6-9EBD-80472DEBBB06}.Release|Any CPU.Build.0 = Release|Any CPU
		{55377B00-E8E2-41B6-9EBD-80472DEBBB06}.Release|x64.ActiveCfg = Release|x64
		{55377B00-E8E2-41B6-9EBD-80472DEBBB06}.Release|x64.Build.0 = Release|x64
		{76C12FB4-AEBF-4271-9CCA-6F04A25ED266}.Debug|Any CPU.ActiveCfg = Debug|Any CPU
		{76C12FB4-AEBF-4271-9CCA-6F04A25ED266}.Debug|Any CPU.Build.0 = Debug|Any CPU
		{76C12FB4-AEBF-4271-9CCA-6F04A25ED266}.Debug|x64.ActiveCfg = Debug|x64
		{76C12FB4-AEBF-4271-9CCA-6F04A25ED266}.Debug|x64.Build.0 = Debug|x64
		{76C12FB4-AEBF-4271-9CCA-6F04A25ED266}.Release|Any CPU.ActiveCfg = Release|Any CPU
		{76C12FB4-AEBF-4271-9CCA-6F04A25ED266}.Release|Any CPU.Build.0 = Release|Any CPU
		{76C12FB4-AEBF-4271-9CCA-6F04A25ED266}.Release|x64.ActiveCfg = Release|x64
		{76C12FB4-AEBF-4271-9CCA-6F04A25ED266}.Release|x64.Build.0 = Release|x64
		{82CE4DA4-1BC6-46A9-A376-44B706A185BD}.Debug|Any CPU.ActiveCfg = Debug|Any CPU
		{82CE4DA4-1BC6-46A9-A376-44B706A185BD}.Debug|Any CPU.Build.0 = Debug|Any CPU
		{82CE4DA4-1BC6-46A9-A376-44B706A185BD}.Debug|x64.ActiveCfg = Debug|x64
		{82CE4DA4-1BC6-46A9-A376-44B706A185BD}.Debug|x64.Build.0 = Debug|x64
		{82CE4DA4-1BC6-46A9-A376-44B706A185BD}.Release|Any CPU.ActiveCfg = Release|Any CPU
		{82CE4DA4-1BC6-46A9-A376-44B706A185BD}.Release|Any CPU.Build.0 = Release|Any CPU
		{82CE4DA4-1BC6-46A9-A376-44B706A185BD}.Release|x64.ActiveCfg = Release|x64
		{82CE4DA4-1BC6-46A9-A376-44B706A185BD}.Release|x64.Build.0 = Release|x64
		{5647B104-8F58-4867-B849-DAC65D5243BD}.Debug|Any CPU.ActiveCfg = Debug|Any CPU
		{5647B104-8F58-4867-B849-DAC65D5243BD}.Debug|Any CPU.Build.0 = Debug|Any CPU
		{5647B104-8F58-4867-B849-DAC65D5243BD}.Debug|x64.ActiveCfg = Debug|x64
		{5647B104-8F58-4867-B849-DAC65D5243BD}.Debug|x64.Build.0 = Debug|x64
		{5647B104-8F58-4867-B849-DAC65D5243BD}.Release|Any CPU.ActiveCfg = Release|Any CPU
		{5647B104-8F58-4867-B849-DAC65D5243BD}.Release|Any CPU.Build.0 = Release|Any CPU
		{5647B104-8F58-4867-B849-DAC65D5243BD}.Release|x64.ActiveCfg = Release|x64
		{5647B104-8F58-4867-B849-DAC65D5243BD}.Release|x64.Build.0 = Release|x64
		{93EC5C55-84BB-4FA4-8599-A6C85841E982}.Debug|Any CPU.ActiveCfg = Debug|Any CPU
		{93EC5C55-84BB-4FA4-8599-A6C85841E982}.Debug|Any CPU.Build.0 = Debug|Any CPU
		{93EC5C55-84BB-4FA4-8599-A6C85841E982}.Debug|x64.ActiveCfg = Debug|x64
		{93EC5C55-84BB-4FA4-8599-A6C85841E982}.Debug|x64.Build.0 = Debug|x64
		{93EC5C55-84BB-4FA4-8599-A6C85841E982}.Release|Any CPU.ActiveCfg = Release|Any CPU
		{93EC5C55-84BB-4FA4-8599-A6C85841E982}.Release|Any CPU.Build.0 = Release|Any CPU
		{93EC5C55-84BB-4FA4-8599-A6C85841E982}.Release|x64.ActiveCfg = Release|x64
		{93EC5C55-84BB-4FA4-8599-A6C85841E982}.Release|x64.Build.0 = Release|x64
		{170A79DD-8B28-4E53-A1EF-5C923AADEF0A}.Debug|Any CPU.ActiveCfg = Debug|Any CPU
		{170A79DD-8B28-4E53-A1EF-5C923AADEF0A}.Debug|Any CPU.Build.0 = Debug|Any CPU
		{170A79DD-8B28-4E53-A1EF-5C923AADEF0A}.Debug|x64.ActiveCfg = Debug|x64
		{170A79DD-8B28-4E53-A1EF-5C923AADEF0A}.Debug|x64.Build.0 = Debug|x64
		{170A79DD-8B28-4E53-A1EF-5C923AADEF0A}.Release|Any CPU.ActiveCfg = Release|Any CPU
		{170A79DD-8B28-4E53-A1EF-5C923AADEF0A}.Release|Any CPU.Build.0 = Release|Any CPU
		{170A79DD-8B28-4E53-A1EF-5C923AADEF0A}.Release|x64.ActiveCfg = Release|x64
		{170A79DD-8B28-4E53-A1EF-5C923AADEF0A}.Release|x64.Build.0 = Release|x64
		{AA5F87F2-921D-4909-B55C-5A257CBD5A58}.Debug|Any CPU.ActiveCfg = Debug|Any CPU
		{AA5F87F2-921D-4909-B55C-5A257CBD5A58}.Debug|Any CPU.Build.0 = Debug|Any CPU
		{AA5F87F2-921D-4909-B55C-5A257CBD5A58}.Debug|x64.ActiveCfg = Debug|x64
		{AA5F87F2-921D-4909-B55C-5A257CBD5A58}.Debug|x64.Build.0 = Debug|x64
		{AA5F87F2-921D-4909-B55C-5A257CBD5A58}.Release|Any CPU.ActiveCfg = Release|Any CPU
		{AA5F87F2-921D-4909-B55C-5A257CBD5A58}.Release|Any CPU.Build.0 = Release|Any CPU
		{AA5F87F2-921D-4909-B55C-5A257CBD5A58}.Release|x64.ActiveCfg = Release|x64
		{AA5F87F2-921D-4909-B55C-5A257CBD5A58}.Release|x64.Build.0 = Release|x64
		{65E454CD-C240-4C5E-B0D6-42A604DF30FB}.Debug|Any CPU.ActiveCfg = Debug|Any CPU
		{65E454CD-C240-4C5E-B0D6-42A604DF30FB}.Debug|Any CPU.Build.0 = Debug|Any CPU
		{65E454CD-C240-4C5E-B0D6-42A604DF30FB}.Debug|x64.ActiveCfg = Debug|x64
		{65E454CD-C240-4C5E-B0D6-42A604DF30FB}.Debug|x64.Build.0 = Debug|x64
		{65E454CD-C240-4C5E-B0D6-42A604DF30FB}.Release|Any CPU.ActiveCfg = Release|Any CPU
		{65E454CD-C240-4C5E-B0D6-42A604DF30FB}.Release|Any CPU.Build.0 = Release|Any CPU
		{65E454CD-C240-4C5E-B0D6-42A604DF30FB}.Release|x64.ActiveCfg = Release|x64
		{F90359AB-D9E6-4110-8AD4-FC12A93D0CF4}.Debug|Any CPU.ActiveCfg = Debug|Any CPU
		{F90359AB-D9E6-4110-8AD4-FC12A93D0CF4}.Debug|Any CPU.Build.0 = Debug|Any CPU
		{F90359AB-D9E6-4110-8AD4-FC12A93D0CF4}.Debug|x64.ActiveCfg = Debug|x64
		{F90359AB-D9E6-4110-8AD4-FC12A93D0CF4}.Debug|x64.Build.0 = Debug|x64
		{F90359AB-D9E6-4110-8AD4-FC12A93D0CF4}.Release|Any CPU.ActiveCfg = Release|Any CPU
		{F90359AB-D9E6-4110-8AD4-FC12A93D0CF4}.Release|Any CPU.Build.0 = Release|Any CPU
		{F90359AB-D9E6-4110-8AD4-FC12A93D0CF4}.Release|x64.ActiveCfg = Release|x64
		{56C17EED-BF1C-41B8-A08E-B63C0C602A03}.Debug|Any CPU.ActiveCfg = Debug|Any CPU
		{56C17EED-BF1C-41B8-A08E-B63C0C602A03}.Debug|Any CPU.Build.0 = Debug|Any CPU
		{56C17EED-BF1C-41B8-A08E-B63C0C602A03}.Debug|x64.ActiveCfg = Debug|x64
		{56C17EED-BF1C-41B8-A08E-B63C0C602A03}.Debug|x64.Build.0 = Debug|x64
		{56C17EED-BF1C-41B8-A08E-B63C0C602A03}.Release|Any CPU.ActiveCfg = Release|Any CPU
		{56C17EED-BF1C-41B8-A08E-B63C0C602A03}.Release|Any CPU.Build.0 = Release|Any CPU
		{56C17EED-BF1C-41B8-A08E-B63C0C602A03}.Release|x64.ActiveCfg = Release|x64
		{8C406D6F-E4E1-4F24-814F-859E58B9EBEF}.Debug|Any CPU.ActiveCfg = Debug|Any CPU
		{8C406D6F-E4E1-4F24-814F-859E58B9EBEF}.Debug|Any CPU.Build.0 = Debug|Any CPU
		{8C406D6F-E4E1-4F24-814F-859E58B9EBEF}.Debug|x64.ActiveCfg = Debug|x64
		{8C406D6F-E4E1-4F24-814F-859E58B9EBEF}.Debug|x64.Build.0 = Debug|x64
		{8C406D6F-E4E1-4F24-814F-859E58B9EBEF}.Release|Any CPU.ActiveCfg = Release|Any CPU
		{8C406D6F-E4E1-4F24-814F-859E58B9EBEF}.Release|Any CPU.Build.0 = Release|Any CPU
		{8C406D6F-E4E1-4F24-814F-859E58B9EBEF}.Release|x64.ActiveCfg = Release|x64
		{B4C84141-4901-4648-81D6-5EF452C42964}.Debug|Any CPU.ActiveCfg = Debug|Any CPU
		{B4C84141-4901-4648-81D6-5EF452C42964}.Debug|Any CPU.Build.0 = Debug|Any CPU
		{B4C84141-4901-4648-81D6-5EF452C42964}.Debug|x64.ActiveCfg = Debug|x64
		{B4C84141-4901-4648-81D6-5EF452C42964}.Debug|x64.Build.0 = Debug|x64
		{B4C84141-4901-4648-81D6-5EF452C42964}.Release|Any CPU.ActiveCfg = Release|Any CPU
		{B4C84141-4901-4648-81D6-5EF452C42964}.Release|Any CPU.Build.0 = Release|Any CPU
		{B4C84141-4901-4648-81D6-5EF452C42964}.Release|x64.ActiveCfg = Release|x64
		{2B7FE5F1-FCA8-4821-A5AD-9EED3F995730}.Debug|Any CPU.ActiveCfg = Debug|Any CPU
		{2B7FE5F1-FCA8-4821-A5AD-9EED3F995730}.Debug|Any CPU.Build.0 = Debug|Any CPU
		{2B7FE5F1-FCA8-4821-A5AD-9EED3F995730}.Debug|x64.ActiveCfg = Debug|x64
		{2B7FE5F1-FCA8-4821-A5AD-9EED3F995730}.Debug|x64.Build.0 = Debug|x64
		{2B7FE5F1-FCA8-4821-A5AD-9EED3F995730}.Release|Any CPU.ActiveCfg = Release|Any CPU
		{2B7FE5F1-FCA8-4821-A5AD-9EED3F995730}.Release|Any CPU.Build.0 = Release|Any CPU
		{2B7FE5F1-FCA8-4821-A5AD-9EED3F995730}.Release|x64.ActiveCfg = Release|x64
		{2B7FE5F1-FCA8-4821-A5AD-9EED3F995730}.Release|x64.Build.0 = Release|x64
		{E81549E0-46A2-4B80-AC0F-2D23A88E2552}.Debug|Any CPU.ActiveCfg = Debug|Any CPU
		{E81549E0-46A2-4B80-AC0F-2D23A88E2552}.Debug|Any CPU.Build.0 = Debug|Any CPU
		{E81549E0-46A2-4B80-AC0F-2D23A88E2552}.Debug|x64.ActiveCfg = Debug|x64
		{E81549E0-46A2-4B80-AC0F-2D23A88E2552}.Debug|x64.Build.0 = Debug|x64
		{E81549E0-46A2-4B80-AC0F-2D23A88E2552}.Release|Any CPU.ActiveCfg = Release|Any CPU
		{E81549E0-46A2-4B80-AC0F-2D23A88E2552}.Release|Any CPU.Build.0 = Release|Any CPU
		{E81549E0-46A2-4B80-AC0F-2D23A88E2552}.Release|x64.ActiveCfg = Release|x64
		{E81549E0-46A2-4B80-AC0F-2D23A88E2552}.Release|x64.Build.0 = Release|x64
		{120B541E-0A9D-4871-9315-679CB97109E2}.Debug|Any CPU.ActiveCfg = Debug|x64
		{120B541E-0A9D-4871-9315-679CB97109E2}.Debug|x64.ActiveCfg = Debug|x64
		{120B541E-0A9D-4871-9315-679CB97109E2}.Debug|x64.Build.0 = Debug|x64
		{120B541E-0A9D-4871-9315-679CB97109E2}.Release|Any CPU.ActiveCfg = Release|x64
		{120B541E-0A9D-4871-9315-679CB97109E2}.Release|x64.ActiveCfg = Release|x64
		{120B541E-0A9D-4871-9315-679CB97109E2}.Release|x64.Build.0 = Release|x64
		{DA98557A-159C-4D4B-9663-7E7D479318CE}.Debug|Any CPU.ActiveCfg = Debug|Any CPU
		{DA98557A-159C-4D4B-9663-7E7D479318CE}.Debug|Any CPU.Build.0 = Debug|Any CPU
		{DA98557A-159C-4D4B-9663-7E7D479318CE}.Debug|x64.ActiveCfg = Debug|Any CPU
		{DA98557A-159C-4D4B-9663-7E7D479318CE}.Debug|x64.Build.0 = Debug|Any CPU
		{DA98557A-159C-4D4B-9663-7E7D479318CE}.Release|Any CPU.ActiveCfg = Release|Any CPU
		{DA98557A-159C-4D4B-9663-7E7D479318CE}.Release|Any CPU.Build.0 = Release|Any CPU
		{DA98557A-159C-4D4B-9663-7E7D479318CE}.Release|x64.ActiveCfg = Release|x64
		{DA98557A-159C-4D4B-9663-7E7D479318CE}.Release|x64.Build.0 = Release|x64
	EndGlobalSection
	GlobalSection(SolutionProperties) = preSolution
		HideSolutionNode = FALSE
	EndGlobalSection
	GlobalSection(ExtensibilityGlobals) = postSolution
		SolutionGuid = {EBA42433-E05E-40B5-A361-0DAC05E215D7}
	EndGlobalSection
EndGlobal
